
Microsoft Visual Studio Solution File, Format Version 12.00
# Visual Studio Version 17
VisualStudioVersion = 17.12.35527.113
MinimumVisualStudioVersion = 10.0.40219.1
Project("{FAE04EC0-301F-11D3-BF4B-00C04F79EFBC}") = "Demo.Grpc.ConsoleClient", "Demo.Grpc.Console.Client\Demo.Grpc.ConsoleClient.csproj", "{A8FC2F30-1BE7-447B-AA0C-4CDD1468F911}"
EndProject
Project("{FAE04EC0-301F-11D3-BF4B-00C04F79EFBC}") = "Demo.Grpc.WebApi", "Demo.Grpc.WebApi\Demo.Grpc.WebApi.csproj", "{445BD8FD-35C1-4C53-8C04-3BC8A53B2697}"
EndProject
Project("{FAE04EC0-301F-11D3-BF4B-00C04F79EFBC}") = "Demo.Grpc.PaymentService", "Demo.Grpc.PaymentService\Demo.Grpc.PaymentService.csproj", "{17BE51FB-7E2D-479D-86CD-D7ADCE7CC1E3}"
EndProject
Project("{FAE04EC0-301F-11D3-BF4B-00C04F79EFBC}") = "Demo.Grpc.StockService", "Demo.Grpc.StockService\Demo.Grpc.StockService.csproj", "{B50225A7-FFFD-4ABF-9088-C0898288F2E0}"
EndProject
Project("{54A90642-561A-4BB1-A94E-469ADEE60C69}") = "Demo.Grpc.AngularClient", "Demo.Grpc.AngularClient\Demo.Grpc.AngularClient.esproj", "{407EF974-0DAB-4DD0-AF11-BE3181DB4C57}"
EndProject
Global
	GlobalSection(SolutionConfigurationPlatforms) = preSolution
		Debug|Any CPU = Debug|Any CPU
		Release|Any CPU = Release|Any CPU
	EndGlobalSection
	GlobalSection(ProjectConfigurationPlatforms) = postSolution
		{A8FC2F30-1BE7-447B-AA0C-4CDD1468F911}.Debug|Any CPU.ActiveCfg = Debug|Any CPU
		{A8FC2F30-1BE7-447B-AA0C-4CDD1468F911}.Debug|Any CPU.Build.0 = Debug|Any CPU
		{A8FC2F30-1BE7-447B-AA0C-4CDD1468F911}.Release|Any CPU.ActiveCfg = Release|Any CPU
		{A8FC2F30-1BE7-447B-AA0C-4CDD1468F911}.Release|Any CPU.Build.0 = Release|Any CPU
		{445BD8FD-35C1-4C53-8C04-3BC8A53B2697}.Debug|Any CPU.ActiveCfg = Debug|Any CPU
		{445BD8FD-35C1-4C53-8C04-3BC8A53B2697}.Debug|Any CPU.Build.0 = Debug|Any CPU
		{445BD8FD-35C1-4C53-8C04-3BC8A53B2697}.Release|Any CPU.ActiveCfg = Release|Any CPU
		{445BD8FD-35C1-4C53-8C04-3BC8A53B2697}.Release|Any CPU.Build.0 = Release|Any CPU
		{17BE51FB-7E2D-479D-86CD-D7ADCE7CC1E3}.Debug|Any CPU.ActiveCfg = Debug|Any CPU
		{17BE51FB-7E2D-479D-86CD-D7ADCE7CC1E3}.Debug|Any CPU.Build.0 = Debug|Any CPU
		{17BE51FB-7E2D-479D-86CD-D7ADCE7CC1E3}.Release|Any CPU.ActiveCfg = Release|Any CPU
		{17BE51FB-7E2D-479D-86CD-D7ADCE7CC1E3}.Release|Any CPU.Build.0 = Release|Any CPU
		{B50225A7-FFFD-4ABF-9088-C0898288F2E0}.Debug|Any CPU.ActiveCfg = Debug|Any CPU
		{B50225A7-FFFD-4ABF-9088-C0898288F2E0}.Debug|Any CPU.Build.0 = Debug|Any CPU
		{B50225A7-FFFD-4ABF-9088-C0898288F2E0}.Release|Any CPU.ActiveCfg = Release|Any CPU
		{B50225A7-FFFD-4ABF-9088-C0898288F2E0}.Release|Any CPU.Build.0 = Release|Any CPU
		{407EF974-0DAB-4DD0-AF11-BE3181DB4C57}.Debug|Any CPU.ActiveCfg = Debug|Any CPU
		{407EF974-0DAB-4DD0-AF11-BE3181DB4C57}.Debug|Any CPU.Build.0 = Debug|Any CPU
		{407EF974-0DAB-4DD0-AF11-BE3181DB4C57}.Debug|Any CPU.Deploy.0 = Debug|Any CPU
		{407EF974-0DAB-4DD0-AF11-BE3181DB4C57}.Release|Any CPU.ActiveCfg = Release|Any CPU
		{407EF974-0DAB-4DD0-AF11-BE3181DB4C57}.Release|Any CPU.Build.0 = Release|Any CPU
		{407EF974-0DAB-4DD0-AF11-BE3181DB4C57}.Release|Any CPU.Deploy.0 = Release|Any CPU
	EndGlobalSection
	GlobalSection(SolutionProperties) = preSolution
		HideSolutionNode = FALSE
	EndGlobalSection
EndGlobal
